
Microsoft Visual Studio Solution File, Format Version 12.00
# Visual Studio 15
VisualStudioVersion = 15.0.27703.2035
MinimumVisualStudioVersion = 10.0.40219.1
Project("{FAE04EC0-301F-11D3-BF4B-00C04F79EFBC}") = "ODataExample", "ODataExample\ODataExample.csproj", "{30A5D556-8C6F-4B40-B993-98C3E8D23574}"
EndProject
Global
	GlobalSection(SolutionConfigurationPlatforms) = preSolution
		Debug|Any CPU = Debug|Any CPU
		Release|Any CPU = Release|Any CPU
	EndGlobalSection
	GlobalSection(ProjectConfigurationPlatforms) = postSolution
		{30A5D556-8C6F-4B40-B993-98C3E8D23574}.Debug|Any CPU.ActiveCfg = Debug|Any CPU
		{30A5D556-8C6F-4B40-B993-98C3E8D23574}.Debug|Any CPU.Build.0 = Debug|Any CPU
		{30A5D556-8C6F-4B40-B993-98C3E8D23574}.Release|Any CPU.ActiveCfg = Release|Any CPU
		{30A5D556-8C6F-4B40-B993-98C3E8D23574}.Release|Any CPU.Build.0 = Release|Any CPU
	EndGlobalSection
	GlobalSection(SolutionProperties) = preSolution
		HideSolutionNode = FALSE
	EndGlobalSection
	GlobalSection(ExtensibilityGlobals) = postSolution
		SolutionGuid = {55F5B775-8F5C-4335-A73E-A9B0CE35BF5A}
	EndGlobalSection
EndGlobal
